{
  "name": "studio-app",
  "version": "1.0.0",
  "lockfileVersion": 3,
  "requires": true,
  "packages": {
    "": {
      "name": "studio-app",
      "version": "1.0.0",
      "license": "UNLICENSED",
      "dependencies": {
        "@sanity/sdk": "^2",
        "@sanity/sdk-react": "^2",
        "lucide-react": "^0.555.0",
        "react": "^19",
        "react-dom": "^19"
      },
      "devDependencies": {
        "@types/react": "^19",
        "sanity": "^4",
        "typescript": "^5.1.6"
      }
    },
    "../../node_modules/.pnpm/@sanity+sdk-react@2.3.1_@types+react@19.1.10_immer@10.1.1_react-dom@19.1.1_react@19.1.1_4dfab90a8ca8a22dcfc7ff99b9734704/node_modules/@sanity/sdk-react": {
      "version": "2.3.1",
      "license": "MIT",
      "dependencies": {
        "@sanity/client": "^7.12.0",
        "@sanity/message-protocol": "^0.12.0",
        "@sanity/sdk": "2.3.1",
        "@sanity/types": "^3.83.0",
        "@types/lodash-es": "^4.17.12",
        "groq": "3.88.1-typegen-experimental.0",
        "lodash-es": "^4.17.21",
        "react-compiler-runtime": "19.1.0-rc.2",
        "react-error-boundary": "^5.0.0",
        "rxjs": "^7.8.2"
      },
      "devDependencies": {
        "@repo/config-eslint": "0.0.0",
        "@repo/config-test": "0.0.1",
        "@repo/package.bundle": "3.82.0",
        "@repo/package.config": "0.0.1",
        "@repo/tsconfig": "0.0.1",
        "@sanity/browserslist-config": "^1.0.5",
        "@sanity/comlink": "^3.0.4",
        "@sanity/pkg-utils": "^7.2.2",
        "@sanity/prettier-config": "^1.0.3",
        "@testing-library/jest-dom": "^6.6.3",
        "@testing-library/react": "^16.3.0",
        "@types/react": "^19.1.2",
        "@types/react-dom": "^19.1.3",
        "@vitejs/plugin-react": "^4.4.1",
        "@vitest/coverage-v8": "3.1.2",
        "babel-plugin-react-compiler": "19.1.0-rc.1",
        "eslint": "^9.22.0",
        "groq-js": "^1.19.0",
        "jsdom": "^25.0.1",
        "prettier": "^3.5.3",
        "react": "^19.1.0",
        "react-dom": "^19.1.0",
        "rollup-plugin-visualizer": "^5.14.0",
        "typescript": "^5.8.3",
        "vite": "^6.3.4",
        "vitest": "^3.1.2"
      },
      "engines": {
        "node": ">=20.0.0"
      },
      "peerDependencies": {
        "react": "^18.0.0 || ^19.0.0",
        "react-dom": "^18.0.0 || ^19.0.0"
      }
    },
    "../../node_modules/.pnpm/@sanity+sdk@2.1.2_@types+react@19.1.10_immer@10.1.1_react@19.1.1_use-sync-external-store@1.5.0_react@19.1.1_/node_modules/@sanity/sdk": {
      "version": "2.1.2",
      "license": "MIT",
      "dependencies": {
        "@sanity/bifur-client": "^0.4.1",
        "@sanity/client": "^7.2.1",
        "@sanity/comlink": "^3.0.4",
        "@sanity/diff-match-patch": "^3.2.0",
        "@sanity/diff-patch": "^6.0.0",
        "@sanity/json-match": "^1.0.5",
        "@sanity/message-protocol": "^0.12.0",
        "@sanity/mutate": "^0.12.4",
        "@sanity/types": "^3.83.0",
        "groq": "3.88.1-typegen-experimental.0",
        "lodash-es": "^4.17.21",
        "reselect": "^5.1.1",
        "rxjs": "^7.8.2",
        "zustand": "^5.0.4"
      },
      "devDependencies": {
        "@repo/config-eslint": "0.0.0",
        "@repo/config-test": "0.0.1",
        "@repo/package.bundle": "3.82.0",
        "@repo/package.config": "0.0.1",
        "@repo/tsconfig": "0.0.1",
        "@sanity/browserslist-config": "^1.0.5",
        "@sanity/pkg-utils": "^7.9.6",
        "@sanity/prettier-config": "^1.0.3",
        "@types/lodash-es": "^4.17.12",
        "@vitest/coverage-v8": "3.1.2",
        "eslint": "^9.22.0",
        "groq-js": "^1.16.1",
        "prettier": "^3.5.3",
        "rollup-plugin-visualizer": "^5.14.0",
        "typescript": "^5.8.3",
        "vite": "^6.3.4",
        "vitest": "^3.1.2"
      },
      "engines": {
        "node": ">=20.0.0"
      }
    },
    "../../node_modules/.pnpm/@types+react@19.1.10/node_modules/@types/react": {
      "version": "19.1.10",
      "dev": true,
      "license": "MIT",
      "dependencies": {
        "csstype": "^3.0.2"
      }
    },
    "../../node_modules/.pnpm/react-dom@19.1.1_react@19.1.1/node_modules/react-dom": {
      "version": "19.1.1",
      "license": "MIT",
      "dependencies": {
        "scheduler": "^0.26.0"
      },
      "peerDependencies": {
        "react": "^19.1.1"
      }
    },
    "../../node_modules/.pnpm/react@19.1.1/node_modules/react": {
      "version": "19.1.1",
      "license": "MIT",
      "engines": {
        "node": ">=0.10.0"
      }
    },
    "../../node_modules/.pnpm/sanity@4.4.1_@emotion+is-prop-valid@1.2.2_@portabletext+sanity-bridge@1.1.2_@sanity+sch_9097e66896117f7478bcb8435cd86b78/node_modules/sanity": {
      "version": "4.4.1",
      "dev": true,
      "license": "MIT",
      "dependencies": {
        "@dnd-kit/core": "^6.3.1",
        "@dnd-kit/modifiers": "^6.0.1",
        "@dnd-kit/sortable": "^7.0.2",
        "@dnd-kit/utilities": "^3.2.2",
        "@juggle/resize-observer": "^3.4.0",
        "@mux/mux-player-react": "^3.5.3",
        "@portabletext/block-tools": "^3.0.0",
        "@portabletext/editor": "^2.3.3",
        "@portabletext/react": "^3.2.1",
        "@portabletext/toolkit": "^2.0.17",
        "@rexxars/react-json-inspector": "^9.0.1",
        "@sanity/asset-utils": "^2.2.1",
        "@sanity/bifur-client": "^0.4.1",
        "@sanity/cli": "4.4.1",
        "@sanity/client": "^7.8.2",
        "@sanity/color": "^3.0.6",
        "@sanity/comlink": "^3.0.9",
        "@sanity/diff": "4.4.1",
        "@sanity/diff-match-patch": "^3.2.0",
        "@sanity/diff-patch": "^5.0.0",
        "@sanity/eventsource": "^5.0.2",
        "@sanity/export": "^4.0.1",
        "@sanity/icons": "^3.7.4",
        "@sanity/id-utils": "^1.0.0",
        "@sanity/image-url": "^1.1.0",
        "@sanity/import": "^3.38.3",
        "@sanity/insert-menu": "^2.0.1",
        "@sanity/logos": "^2.2.2",
        "@sanity/media-library-types": "^1.0.0",
        "@sanity/message-protocol": "^0.17.0",
        "@sanity/migrate": "4.4.1",
        "@sanity/mutator": "4.4.1",
        "@sanity/presentation-comlink": "^1.0.28",
        "@sanity/preview-url-secret": "^2.1.14",
        "@sanity/schema": "4.4.1",
        "@sanity/sdk": "2.1.2",
        "@sanity/telemetry": "^0.8.0",
        "@sanity/types": "4.4.1",
        "@sanity/ui": "^3.0.7",
        "@sanity/util": "4.4.1",
        "@sanity/uuid": "^3.0.2",
        "@sentry/react": "^8.55.0",
        "@tanstack/react-table": "^8.21.3",
        "@tanstack/react-virtual": "^3.13.12",
        "@types/react-is": "^19.0.0",
        "@types/shallow-equals": "^1.0.0",
        "@types/speakingurl": "^13.0.3",
        "@types/tar-stream": "^3.1.3",
        "@types/use-sync-external-store": "^1.5.0",
        "@types/which": "^3.0.4",
        "@vitejs/plugin-react": "^4.6.0",
        "@xstate/react": "^6.0.0",
        "archiver": "^7.0.0",
        "arrify": "^2.0.1",
        "async-mutex": "^0.4.1",
        "chalk": "^4.1.2",
        "chokidar": "^3.5.3",
        "classnames": "^2.2.5",
        "color2k": "^2.0.0",
        "configstore": "^5.0.1",
        "console-table-printer": "^2.11.1",
        "dataloader": "^2.2.3",
        "date-fns": "^2.30.0",
        "debug": "^4.4.1",
        "esbuild": "0.25.9",
        "esbuild-register": "^3.6.0",
        "execa": "^2.0.0",
        "exif-component": "^1.0.1",
        "fast-deep-equal": "3.1.3",
        "form-data": "^4.0.0",
        "framer-motion": "^12.23.12",
        "get-it": "^8.6.10",
        "get-random-values-esm": "1.0.2",
        "groq-js": "^1.17.3",
        "gunzip-maybe": "^1.4.2",
        "history": "^5.3.0",
        "i18next": "^23.16.8",
        "import-fresh": "^3.3.0",
        "is-hotkey-esm": "^1.0.0",
        "is-tar": "^1.0.0",
        "isomorphic-dompurify": "^2.19.0",
        "jsdom": "^23.0.1",
        "jsdom-global": "^3.0.2",
        "json-lexer": "^1.2.0",
        "json-reduce": "^3.0.0",
        "json5": "^2.2.3",
        "lodash": "^4.17.21",
        "log-symbols": "^2.2.0",
        "mendoza": "^3.0.8",
        "module-alias": "^2.2.2",
        "nano-pubsub": "^3.0.0",
        "nanoid": "^3.3.11",
        "node-html-parser": "^6.1.13",
        "observable-callback": "^1.0.3",
        "oneline": "^1.0.3",
        "open": "^8.4.0",
        "p-map": "^7.0.0",
        "path-to-regexp": "^6.3.0",
        "peek-stream": "^1.1.3",
        "pirates": "^4.0.0",
        "player.style": "^0.1.9",
        "pluralize-esm": "^9.0.2",
        "polished": "^4.3.1",
        "preferred-pm": "^4.1.1",
        "pretty-ms": "^7.0.1",
        "quick-lru": "^5.1.1",
        "raf": "^3.4.1",
        "react-compiler-runtime": "19.1.0-rc.2",
        "react-fast-compare": "^3.2.2",
        "react-focus-lock": "^2.13.6",
        "react-i18next": "15.6.1",
        "react-is": "^19.1.1",
        "react-refractor": "^4.0.0",
        "react-rx": "^4.1.31",
        "read-pkg-up": "^7.0.1",
        "refractor": "^5.0.0",
        "resolve-from": "^5.0.0",
        "resolve.exports": "^2.0.2",
        "rimraf": "^5.0.10",
        "rxjs": "^7.8.2",
        "rxjs-exhaustmap-with-trailing": "^2.1.1",
        "rxjs-mergemap-array": "^0.1.0",
        "scroll-into-view-if-needed": "^3.1.0",
        "scrollmirror": "^1.2.4",
        "semver": "^7.3.5",
        "shallow-equals": "^1.0.0",
        "speakingurl": "^14.0.1",
        "tar-fs": "^2.1.1",
        "tar-stream": "^3.1.7",
        "tinyglobby": "^0.2.14",
        "urlpattern-polyfill": "10.1.0",
        "use-device-pixel-ratio": "^1.1.2",
        "use-effect-event": "^2.0.3",
        "use-hot-module-reload": "^2.0.0",
        "use-sync-external-store": "^1.5.0",
        "uuid": "^11.1.0",
        "vite": "^7.1.2",
        "which": "^5.0.0",
        "xstate": "^5.20.2",
        "yargs": "^17.3.0"
      },
      "bin": {
        "sanity": "bin/sanity"
      },
      "devDependencies": {
        "@playwright/experimental-ct-react": "1.54.2",
        "@playwright/test": "1.54.2",
        "@repo/dev-aliases": "4.4.1",
        "@repo/eslint-config": "4.4.1",
        "@repo/package.bundle": "4.4.1",
        "@repo/package.config": "4.4.1",
        "@repo/test-config": "4.4.1",
        "@sanity/codegen": "4.4.1",
        "@sanity/eslint-config-i18n": "^2.0.0",
        "@sanity/generate-help-url": "^3.0.0",
        "@sanity/pkg-utils": "6.13.4",
        "@sanity/tsdoc": "1.0.169",
        "@sanity/ui-workshop": "^2.1.4",
        "@sanity/visual-editing-csm": "^2.0.23",
        "@sentry/types": "^8.55.0",
        "@testing-library/jest-dom": "^6.6.4",
        "@testing-library/react": "^16.3.0",
        "@testing-library/user-event": "^13.5.0",
        "@types/archiver": "^6.0.2",
        "@types/configstore": "^5.0.1",
        "@types/debug": "^4.1.12",
        "@types/gunzip-maybe": "^1.4.2",
        "@types/jsdom": "^20.0.0",
        "@types/lodash": "^4.17.20",
        "@types/log-symbols": "^2.0.0",
        "@types/node": "^22.10.0",
        "@types/raf": "^3.4.0",
        "@types/react": "^19.1.9",
        "@types/react-dom": "^19.1.7",
        "@types/refractor": "^3.4.1",
        "@types/resolve-from": "^4.0.0",
        "@types/semver": "^6.2.3",
        "@types/tar-fs": "^2.0.1",
        "@types/wicg-task-scheduling": "^2024.1.0",
        "@vitest/expect": "^3.2.4",
        "babel-plugin-react-compiler": "19.1.0-rc.2",
        "blob-polyfill": "^9.0.20240710",
        "date-fns-tz": "2.0.1",
        "eslint-plugin-boundaries": "^5.0.1",
        "globals": "^16.2.0",
        "react": "^18.3.1",
        "react-dom": "^18.3.1",
        "rxjs-etc": "^10.6.2",
        "styled-components": "^6.1.18",
        "swr": "2.2.5",
        "vitest": "^3.2.4",
        "vitest-package-exports": "^0.1.1"
      },
      "engines": {
        "node": ">=20.19 <22 || >=22.12"
      },
      "peerDependencies": {
        "react": "^18 || ^19",
        "react-dom": "^18 || ^19",
        "styled-components": "^6.1.15"
      }
    },
    "../../node_modules/.pnpm/typescript@5.9.2/node_modules/typescript": {
      "version": "5.9.2",
      "dev": true,
      "license": "Apache-2.0",
      "bin": {
        "tsc": "bin/tsc",
        "tsserver": "bin/tsserver"
      },
      "devDependencies": {
        "@dprint/formatter": "^0.4.1",
        "@dprint/typescript": "0.93.4",
        "@esfx/canceltoken": "^1.0.0",
        "@eslint/js": "^9.20.0",
        "@octokit/rest": "^21.1.1",
        "@types/chai": "^4.3.20",
        "@types/diff": "^7.0.1",
        "@types/minimist": "^1.2.5",
        "@types/mocha": "^10.0.10",
        "@types/ms": "^0.7.34",
        "@types/node": "latest",
        "@types/source-map-support": "^0.5.10",
        "@types/which": "^3.0.4",
        "@typescript-eslint/rule-tester": "^8.24.1",
        "@typescript-eslint/type-utils": "^8.24.1",
        "@typescript-eslint/utils": "^8.24.1",
        "azure-devops-node-api": "^14.1.0",
        "c8": "^10.1.3",
        "chai": "^4.5.0",
        "chokidar": "^4.0.3",
        "diff": "^7.0.0",
        "dprint": "^0.49.0",
        "esbuild": "^0.25.0",
        "eslint": "^9.20.1",
        "eslint-formatter-autolinkable-stylish": "^1.4.0",
        "eslint-plugin-regexp": "^2.7.0",
        "fast-xml-parser": "^4.5.2",
        "glob": "^10.4.5",
        "globals": "^15.15.0",
        "hereby": "^1.10.0",
        "jsonc-parser": "^3.3.1",
        "knip": "^5.44.4",
        "minimist": "^1.2.8",
        "mocha": "^10.8.2",
        "mocha-fivemat-progress-reporter": "^0.1.0",
        "monocart-coverage-reports": "^2.12.1",
        "ms": "^2.1.3",
        "picocolors": "^1.1.1",
        "playwright": "^1.50.1",
        "source-map-support": "^0.5.21",
        "tslib": "^2.8.1",
        "typescript": "^5.7.3",
        "typescript-eslint": "^8.24.1",
        "which": "^3.0.1"
      },
      "engines": {
        "node": ">=14.17"
      }
    },
    "node_modules/@sanity/sdk": {
      "resolved": "../../node_modules/.pnpm/@sanity+sdk@2.1.2_@types+react@19.1.10_immer@10.1.1_react@19.1.1_use-sync-external-store@1.5.0_react@19.1.1_/node_modules/@sanity/sdk",
      "link": true
    },
    "node_modules/@sanity/sdk-react": {
      "resolved": "../../node_modules/.pnpm/@sanity+sdk-react@2.3.1_@types+react@19.1.10_immer@10.1.1_react-dom@19.1.1_react@19.1.1_4dfab90a8ca8a22dcfc7ff99b9734704/node_modules/@sanity/sdk-react",
      "link": true
    },
    "node_modules/@types/react": {
      "resolved": "../../node_modules/.pnpm/@types+react@19.1.10/node_modules/@types/react",
      "link": true
    },
    "node_modules/lucide-react": {
      "version": "0.555.0",
      "resolved": "https://registry.npmjs.org/lucide-react/-/lucide-react-0.555.0.tgz",
      "integrity": "sha512-D8FvHUGbxWBRQM90NZeIyhAvkFfsh3u9ekrMvJ30Z6gnpBHS6HC6ldLg7tL45hwiIz/u66eKDtdA23gwwGsAHA==",
      "license": "ISC",
      "peerDependencies": {
        "react": "^16.5.1 || ^17.0.0 || ^18.0.0 || ^19.0.0"
      }
    },
    "node_modules/react": {
      "resolved": "../../node_modules/.pnpm/react@19.1.1/node_modules/react",
      "link": true
    },
    "node_modules/react-dom": {
      "resolved": "../../node_modules/.pnpm/react-dom@19.1.1_react@19.1.1/node_modules/react-dom",
      "link": true
    },
    "node_modules/sanity": {
      "resolved": "../../node_modules/.pnpm/sanity@4.4.1_@emotion+is-prop-valid@1.2.2_@portabletext+sanity-bridge@1.1.2_@sanity+sch_9097e66896117f7478bcb8435cd86b78/node_modules/sanity",
      "link": true
    },
    "node_modules/typescript": {
      "resolved": "../../node_modules/.pnpm/typescript@5.9.2/node_modules/typescript",
      "link": true
    }
  }
}
